// !$*UTF8*$!
{
	archiveVersion = 1;
	classes = {
	};
	objectVersion = 50;
	objects = {

/* Begin PBXBuildFile section */
		55276ED024E960AD0010E264 /* AppDelegate.swift in Sources */ = {isa = PBXBuildFile; fileRef = 55276ECF24E960AD0010E264 /* AppDelegate.swift */; };
		55276ED224E960AD0010E264 /* SceneDelegate.swift in Sources */ = {isa = PBXBuildFile; fileRef = 55276ED124E960AD0010E264 /* SceneDelegate.swift */; };
		55276ED424E960AD0010E264 /* ViewController.swift in Sources */ = {isa = PBXBuildFile; fileRef = 55276ED324E960AD0010E264 /* ViewController.swift */; };
		55276ED724E960AD0010E264 /* Main.storyboard in Resources */ = {isa = PBXBuildFile; fileRef = 55276ED524E960AD0010E264 /* Main.storyboard */; };
		55276ED924E960B30010E264 /* Assets.xcassets in Resources */ = {isa = PBXBuildFile; fileRef = 55276ED824E960B30010E264 /* Assets.xcassets */; };
		55276EDC24E960B30010E264 /* LaunchScreen.storyboard in Resources */ = {isa = PBXBuildFile; fileRef = 55276EDA24E960B30010E264 /* LaunchScreen.storyboard */; };
		55276EE424E969FE0010E264 /* Extension + UIButton.swift in Sources */ = {isa = PBXBuildFile; fileRef = 55276EE324E969FE0010E264 /* Extension + UIButton.swift */; };
/* End PBXBuildFile section */

/* Begin PBXFileReference section */
		55276ECC24E960AD0010E264 /* Animation App.app */ = {isa = PBXFileReference; explicitFileType = wrapper.application; includeInIndex = 0; path = "Animation App.app"; sourceTree = BUILT_PRODUCTS_DIR; };
		55276ECF24E960AD0010E264 /* AppDelegate.swift */ = {isa = PBXFileReference; lastKnownFileType = sourcecode.swift; path = AppDelegate.swift; sourceTree = "<group>"; };
		55276ED124E960AD0010E264 /* SceneDelegate.swift */ = {isa = PBXFileReference; lastKnownFileType = sourcecode.swift; path = SceneDelegate.swift; sourceTree = "<group>"; };
		55276ED324E960AD0010E264 /* ViewController.swift */ = {isa = PBXFileReference; lastKnownFileType = sourcecode.swift; path = ViewController.swift; sourceTree = "<group>"; };
		55276ED624E960AD0010E264 /* Base */ = {isa = PBXFileReference; lastKnownFileType = file.storyboard; name = Base; path = Base.lproj/Main.storyboard; sourceTree = "<group>"; };
		55276ED824E960B30010E264 /* Assets.xcassets */ = {isa = PBXFileReference; lastKnownFileType = folder.assetcatalog; path = Assets.xcassets; sourceTree = "<group>"; };
		55276EDB24E960B30010E264 /* Base */ = {isa = PBXFileReference; lastKnownFileType = file.storyboard; name = Base; path = Base.lproj/LaunchScreen.storyboard; sourceTree = "<group>"; };
		55276EDD24E960B30010E264 /* Info.plist */ = {isa = PBXFileReference; lastKnownFileType = text.plist.xml; path = Info.plist; sourceTree = "<group>"; };
		55276EE324E969FE0010E264 /* Extension + UIButton.swift */ = {isa = PBXFileReference; lastKnownFileType = sourcecode.swift; path = "Extension + UIButton.swift"; sourceTree = "<group>"; };
/* End PBXFileReference section */

/* Begin PBXFrameworksBuildPhase section */
		55276EC924E960AD0010E264 /* Frameworks */ = {
			isa = PBXFrameworksBuildPhase;
			buildActionMask = 2147483647;
			files = (
			);
			runOnlyForDeploymentPostprocessing = 0;
		};
/* End PBXFrameworksBuildPhase section */

/* Begin PBXGroup section */
		55276EC324E960AD0010E264 = {
			isa = PBXGroup;
			children = (
				55276ECE24E960AD0010E264 /* Animation App */,
				55276ECD24E960AD0010E264 /* Products */,
			);
			sourceTree = "<group>";
		};
		55276ECD24E960AD0010E264 /* Products */ = {
			isa = PBXGroup;
			children = (
				55276ECC24E960AD0010E264 /* Animation App.app */,
			);
			name = Products;
			sourceTree = "<group>";
		};
		55276ECE24E960AD0010E264 /* Animation App */ = {
			isa = PBXGroup;
			children = (
				55276ECF24E960AD0010E264 /* AppDelegate.swift */,
				55276ED124E960AD0010E264 /* SceneDelegate.swift */,
				55276ED324E960AD0010E264 /* ViewController.swift */,
				55276ED524E960AD0010E264 /* Main.storyboard */,
				55276ED824E960B30010E264 /* Assets.xcassets */,
				55276EDA24E960B30010E264 /* LaunchScreen.storyboard */,
				55276EDD24E960B30010E264 /* Info.plist */,
				55276EE324E969FE0010E264 /* Extension + UIButton.swift */,
			);
			path = "Animation App";
			sourceTree = "<group>";
		};
/* End PBXGroup section */

/* Begin PBXNativeTarget section */
		55276ECB24E960AD0010E264 /* Animation App */ = {
			isa = PBXNativeTarget;
			buildConfigurationList = 55276EE024E960B30010E264 /* Build configuration list for PBXNativeTarget "Animation App" */;
			buildPhases = (
				55276EC824E960AD0010E264 /* Sources */,
				55276EC924E960AD0010E264 /* Frameworks */,
				55276ECA24E960AD0010E264 /* Resources */,
			);
			buildRules = (
			);
			dependencies = (
			);
			name = "Animation App";
			productName = "Animation App";
			productReference = 55276ECC24E960AD0010E264 /* Animation App.app */;
			productType = "com.apple.product-type.application";
		};
/* End PBXNativeTarget section */

/* Begin PBXProject section */
		55276EC424E960AD0010E264 /* Project object */ = {
			isa = PBXProject;
			attributes = {
				LastSwiftUpdateCheck = 1140;
				LastUpgradeCheck = 1140;
				ORGANIZATIONNAME = "Kairzhan Kural";
				TargetAttributes = {
					55276ECB24E960AD0010E264 = {
						CreatedOnToolsVersion = 11.4.1;
					};
				};
			};
			buildConfigurationList = 55276EC724E960AD0010E264 /* Build configuration list for PBXProject "Animation App" */;
			compatibilityVersion = "Xcode 9.3";
			developmentRegion = en;
			hasScannedForEncodings = 0;
			knownRegions = (
				en,
				Base,
			);
			mainGroup = 55276EC324E960AD0010E264;
			productRefGroup = 55276ECD24E960AD0010E264 /* Products */;
			projectDirPath = "";
			projectRoot = "";
			targets = (
				55276ECB24E960AD0010E264 /* Animation App */,
			);
		};
/* End PBXProject section */

/* Begin PBXResourcesBuildPhase section */
		55276ECA24E960AD0010E264 /* Resources */ = {
			isa = PBXResourcesBuildPhase;
			buildActionMask = 2147483647;
			files = (
				55276EDC24E960B30010E264 /* LaunchScreen.storyboard in Resources */,
				55276ED924E960B30010E264 /* Assets.xcassets in Resources */,
				55276ED724E960AD0010E264 /* Main.storyboard in Resources */,
			);
			runOnlyForDeploymentPostprocessing = 0;
		};
/* End PBXResourcesBuildPhase section */

/* Begin PBXSourcesBuildPhase section */
		55276EC824E960AD0010E264 /* Sources */ = {
			isa = PBXSourcesBuildPhase;
			buildActionMask = 2147483647;
			files = (
				55276ED424E960AD0010E264 /* ViewController.swift in Sources */,
				55276ED024E960AD0010E264 /* AppDelegate.swift in Sources */,
				55276ED224E960AD0010E264 /* SceneDelegate.swift in Sources */,
				55276EE424E969FE0010E264 /* Extension + UIButton.swift in Sources */,
			);
			runOnlyForDeploymentPostprocessing = 0;
		};
/* End PBXSourcesBuildPhase section */

/* Begin PBXVariantGroup section */
		55276ED524E960AD0010E264 /* Main.storyboard */ = {
			isa = PBXVariantGroup;
			children = (
				55276ED624E960AD0010E264 /* Base */,
			);
			name = Main.storyboard;
			sourceTree = "<group>";
		};
		55276EDA24E960B30010E264 /* LaunchScreen.storyboard */ = {
			isa = PBXVariantGroup;
			children = (
				55276EDB24E960B30010E264 /* Base */,
			);
			name = LaunchScreen.storyboard;
			sourceTree = "<group>";
		};
/* End PBXVariantGroup section */

/* Begin XCBuildConfiguration section */
		55276EDE24E960B30010E264 /* Debug */ = {
			isa = XCBuildConfiguration;
			buildSettings = {
				ALWAYS_SEARCH_USER_PATHS = NO;
				CLANG_ANALYZER_NONNULL = YES;
				CLANG_ANALYZER_NUMBER_OBJECT_CONVERSION = YES_AGGRESSIVE;
				CLANG_CXX_LANGUAGE_STANDARD = "gnu++14";
				CLANG_CXX_LIBRARY = "libc++";
				CLANG_ENABLE_MODULES = YES;
				CLANG_ENABLE_OBJC_ARC = YES;
				CLANG_ENABLE_OBJC_WEAK = YES;
				CLANG_WARN_BLOCK_CAPTURE_AUTORELEASING = YES;
				CLANG_WARN_BOOL_CONVERSION = YES;
				CLANG_WARN_COMMA = YES;
				CLANG_WARN_CONSTANT_CONVERSION = YES;
				CLANG_WARN_DEPRECATED_OBJC_IMPLEMENTATIONS = YES;
				CLANG_WARN_DIRECT_OBJC_ISA_USAGE = YES_ERROR;
				CLANG_WARN_DOCUMENTATION_COMMENTS = YES;
				CLANG_WARN_EMPTY_BODY = YES;
				CLANG_WARN_ENUM_CONVERSION = YES;
				CLANG_WARN_INFINITE_RECURSION = YES;
				CLANG_WARN_INT_CONVERSION = YES;
				CLANG_WARN_NON_LITERAL_NULL_CONVERSION = YES;
				CLANG_WARN_OBJC_IMPLICIT_RETAIN_SELF = YES;
				CLANG_WARN_OBJC_LITERAL_CONVERSION = YES;
				CLANG_WARN_OBJC_ROOT_CLASS = YES_ERROR;
				CLANG_WARN_RANGE_LOOP_ANALYSIS = YES;
				CLANG_WARN_STRICT_PROTOTYPES = YES;
				CLANG_WARN_SUSPICIOUS_MOVE = YES;
				CLANG_WARN_UNGUARDED_AVAILABILITY = YES_AGGRESSIVE;
				CLANG_WARN_UNREACHABLE_CODE = YES;
				CLANG_WARN__DUPLICATE_METHOD_MATCH = YES;
				COPY_PHASE_STRIP = NO;
				DEBUG_INFORMATION_FORMAT = dwarf;
				ENABLE_STRICT_OBJC_MSGSEND = YES;
				ENABLE_TESTABILITY = YES;
				GCC_C_LANGUAGE_STANDARD = gnu11;
				GCC_DYNAMIC_NO_PIC = NO;
				GCC_NO_COMMON_BLOCKS = YES;
				GCC_OPTIMIZATION_LEVEL = 0;
				GCC_PREPROCESSOR_DEFINITIONS = (
					"DEBUG=1",
					"$(inherited)",
				);
				GCC_WARN_64_TO_32_BIT_CONVERSION = YES;
				GCC_WARN_ABOUT_RETURN_TYPE = YES_ERROR;
				GCC_WARN_UNDECLARED_SELECTOR = YES;
				GCC_WARN_UNINITIALIZED_AUTOS = YES_AGGRESSIVE;
				GCC_WARN_UNUSED_FUNCTION = YES;
				GCC_WARN_UNUSED_VARIABLE = YES;
				IPHONEOS_DEPLOYMENT_TARGET = 13.4;
				MTL_ENABLE_DEBUG_INFO = INCLUDE_SOURCE;
				MTL_FAST_MATH = YES;
				ONLY_ACTIVE_ARCH = YES;
				SDKROOT = iphoneos;
				SWIFT_ACTIVE_COMPILATION_CONDITIONS = DEBUG;
				SWIFT_OPTIMIZATION_LEVEL = "-Onone";
			};
			name = Debug;
		};
		55276EDF24E960B30010E264 /* Release */ = {
			isa = XCBuildConfiguration;
			buildSettings = {
				ALWAYS_SEARCH_USER_PATHS = NO;
				CLANG_ANALYZER_NONNULL = YES;
				CLANG_ANALYZER_NUMBER_OBJECT_CONVERSION = YES_AGGRESSIVE;
				CLANG_CXX_LANGUAGE_STANDARD = "gnu++14";
				CLANG_CXX_LIBRARY = "libc++";
				CLANG_ENABLE_MODULES = YES;
				CLANG_ENABLE_OBJC_ARC = YES;
				CLANG_ENABLE_OBJC_WEAK = YES;
				CLANG_WARN_BLOCK_CAPTURE_AUTORELEASING = YES;
				CLANG_WARN_BOOL_CONVERSION = YES;
				CLANG_WARN_COMMA = YES;
				CLANG_WARN_CONSTANT_CONVERSION = YES;
				CLANG_WARN_DEPRECATED_OBJC_IMPLEMENTATIONS = YES;
				CLANG_WARN_DIRECT_OBJC_ISA_USAGE = YES_ERROR;
				CLANG_WARN_DOCUMENTATION_COMMENTS = YES;
				CLANG_WARN_EMPTY_BODY = YES;
				CLANG_WARN_ENUM_CONVERSION = YES;
				CLANG_WARN_INFINITE_RECURSION = YES;
				CLANG_WARN_INT_CONVERSION = YES;
				CLANG_WARN_NON_LITERAL_NULL_CONVERSION = YES;
				CLANG_WARN_OBJC_IMPLICIT_RETAIN_SELF = YES;
				CLANG_WARN_OBJC_LITERAL_CONVERSION = YES;
				CLANG_WARN_OBJC_ROOT_CLASS = YES_ERROR;
				CLANG_WARN_RANGE_LOOP_ANALYSIS = YES;
				CLANG_WARN_STRICT_PROTOTYPES = YES;
				CLANG_WARN_SUSPICIOUS_MOVE = YES;
				CLANG_WARN_UNGUARDED_AVAILABILITY = YES_AGGRESSIVE;
				CLANG_WARN_UNREACHABLE_CODE = YES;
				CLANG_WARN__DUPLICATE_METHOD_MATCH = YES;
				COPY_PHASE_STRIP = NO;
				DEBUG_INFORMATION_FORMAT = "dwarf-with-dsym";
				ENABLE_NS_ASSERTIONS = NO;
				ENABLE_STRICT_OBJC_MSGSEND = YES;
				GCC_C_LANGUAGE_STANDARD = gnu11;
				GCC_NO_COMMON_BLOCKS = YES;
				GCC_WARN_64_TO_32_BIT_CONVERSION = YES;
				GCC_WARN_ABOUT_RETURN_TYPE = YES_ERROR;
				GCC_WARN_UNDECLARED_SELECTOR = YES;
				GCC_WARN_UNINITIALIZED_AUTOS = YES_AGGRESSIVE;
				GCC_WARN_UNUSED_FUNCTION = YES;
				GCC_WARN_UNUSED_VARIABLE = YES;
				IPHONEOS_DEPLOYMENT_TARGET = 13.4;
				MTL_ENABLE_DEBUG_INFO = NO;
				MTL_FAST_MATH = YES;
				SDKROOT = iphoneos;
				SWIFT_COMPILATION_MODE = wholemodule;
				SWIFT_OPTIMIZATION_LEVEL = "-O";
				VALIDATE_PRODUCT = YES;
			};
			name = Release;
		};
		55276EE124E960B30010E264 /* Debug */ = {
			isa = XCBuildConfiguration;
			buildSettings = {
				ASSETCATALOG_COMPILER_APPICON_NAME = AppIcon;
				CODE_SIGN_STYLE = Automatic;
				DEVELOPMENT_TEAM = 854Z63GAJD;
				INFOPLIST_FILE = "Animation App/Info.plist";
				LD_RUNPATH_SEARCH_PATHS = (
					"$(inherited)",
					"@executable_path/Frameworks",
				);
				PRODUCT_BUNDLE_IDENTIFIER = "com.kairzhan.Animation-App";
				PRODUCT_NAME = "$(TARGET_NAME)";
				SWIFT_VERSION = 5.0;
				TARGETED_DEVICE_FAMILY = "1,2";
			};
			name = Debug;
		};
		55276EE224E960B30010E264 /* Release */ = {
			isa = XCBuildConfiguration;
			buildSettings = {
				ASSETCATALOG_COMPILER_APPICON_NAME = AppIcon;
				CODE_SIGN_STYLE = Automatic;
				DEVELOPMENT_TEAM = 854Z63GAJD;
				INFOPLIST_FILE = "Animation App/Info.plist";
				LD_RUNPATH_SEARCH_PATHS = (
					"$(inherited)",
					"@executable_path/Frameworks",
				);
				PRODUCT_BUNDLE_IDENTIFIER = "com.kairzhan.Animation-App";
				PRODUCT_NAME = "$(TARGET_NAME)";
				SWIFT_VERSION = 5.0;
				TARGETED_DEVICE_FAMILY = "1,2";
			};
			name = Release;
		};
/* End XCBuildConfiguration section */

/* Begin XCConfigurationList section */
		55276EC724E960AD0010E264 /* Build configuration list for PBXProject "Animation App" */ = {
			isa = XCConfigurationList;
			buildConfigurations = (
				55276EDE24E960B30010E264 /* Debug */,
				55276EDF24E960B30010E264 /* Release */,
			);
			defaultConfigurationIsVisible = 0;
			defaultConfigurationName = Release;
		};
		55276EE024E960B30010E264 /* Build configuration list for PBXNativeTarget "Animation App" */ = {
			isa = XCConfigurationList;
			buildConfigurations = (
				55276EE124E960B30010E264 /* Debug */,
				55276EE224E960B30010E264 /* Release */,
			);
			defaultConfigurationIsVisible = 0;
			defaultConfigurationName = Release;
		};
/* End XCConfigurationList section */
	};
	rootObject = 55276EC424E960AD0010E264 /* Project object */;
}
